
Microsoft Visual Studio Solution File, Format Version 12.00
# Visual Studio Version 17
VisualStudioVersion = 17.6.33723.286
MinimumVisualStudioVersion = 10.0.40219.1
Project("{9A19103F-16F7-4668-BE54-9A1E7A4F7556}") = "Hearth Delivery", "Hearth Delivery\Hearth Delivery.csproj", "{74D5D9C4-B307-4857-B5DE-A19F90FAA991}"
EndProject
Project("{FAE04EC0-301F-11D3-BF4B-00C04F79EFBC}") = "Bonus Scoring System", "Bonus Scoring System\Bonus Scoring System.csproj", "{0E5C0E58-4D16-4FFE-B875-62676016CB18}"
EndProject
Project("{FAE04EC0-301F-11D3-BF4B-00C04F79EFBC}") = "Array Modifier", "Array Modifier\Array Modifier.csproj", "{21663D36-4184-4DA4-B307-2DD0C15DD0BE}"
EndProject
Project("{FAE04EC0-301F-11D3-BF4B-00C04F79EFBC}") = "Inventory", "Inventory\Inventory.csproj", "{931C2B8B-CC9D-46C7-B6B5-5C052D4ADCE3}"
EndProject
Global
	GlobalSection(SolutionConfigurationPlatforms) = preSolution
		Debug|Any CPU = Debug|Any CPU
		Release|Any CPU = Release|Any CPU
	EndGlobalSection
	GlobalSection(ProjectConfigurationPlatforms) = postSolution
		{74D5D9C4-B307-4857-B5DE-A19F90FAA991}.Debug|Any CPU.ActiveCfg = Debug|Any CPU
		{74D5D9C4-B307-4857-B5DE-A19F90FAA991}.Debug|Any CPU.Build.0 = Debug|Any CPU
		{74D5D9C4-B307-4857-B5DE-A19F90FAA991}.Release|Any CPU.ActiveCfg = Release|Any CPU
		{74D5D9C4-B307-4857-B5DE-A19F90FAA991}.Release|Any CPU.Build.0 = Release|Any CPU
		{0E5C0E58-4D16-4FFE-B875-62676016CB18}.Debug|Any CPU.ActiveCfg = Debug|Any CPU
		{0E5C0E58-4D16-4FFE-B875-62676016CB18}.Debug|Any CPU.Build.0 = Debug|Any CPU
		{0E5C0E58-4D16-4FFE-B875-62676016CB18}.Release|Any CPU.ActiveCfg = Release|Any CPU
		{0E5C0E58-4D16-4FFE-B875-62676016CB18}.Release|Any CPU.Build.0 = Release|Any CPU
		{21663D36-4184-4DA4-B307-2DD0C15DD0BE}.Debug|Any CPU.ActiveCfg = Debug|Any CPU
		{21663D36-4184-4DA4-B307-2DD0C15DD0BE}.Debug|Any CPU.Build.0 = Debug|Any CPU
		{21663D36-4184-4DA4-B307-2DD0C15DD0BE}.Release|Any CPU.ActiveCfg = Release|Any CPU
		{21663D36-4184-4DA4-B307-2DD0C15DD0BE}.Release|Any CPU.Build.0 = Release|Any CPU
		{931C2B8B-CC9D-46C7-B6B5-5C052D4ADCE3}.Debug|Any CPU.ActiveCfg = Debug|Any CPU
		{931C2B8B-CC9D-46C7-B6B5-5C052D4ADCE3}.Debug|Any CPU.Build.0 = Debug|Any CPU
		{931C2B8B-CC9D-46C7-B6B5-5C052D4ADCE3}.Release|Any CPU.ActiveCfg = Release|Any CPU
		{931C2B8B-CC9D-46C7-B6B5-5C052D4ADCE3}.Release|Any CPU.Build.0 = Release|Any CPU
	EndGlobalSection
	GlobalSection(SolutionProperties) = preSolution
		HideSolutionNode = FALSE
	EndGlobalSection
	GlobalSection(ExtensibilityGlobals) = postSolution
		SolutionGuid = {A40B1ECE-D7E3-4766-8776-5FA05B897651}
	EndGlobalSection
EndGlobal
